
Microsoft Visual Studio Solution File, Format Version 12.00
# Visual Studio Version 17
VisualStudioVersion = 17.7.34031.279
MinimumVisualStudioVersion = 10.0.40219.1
Project("{9A19103F-16F7-4668-BE54-9A1E7A4F7556}") = "GameOfLife.ConsoleRunner", "GameOfLife.ConsoleRunner\GameOfLife.ConsoleRunner.csproj", "{31832A97-D13F-4C37-B857-8A034BC85E6E}"
EndProject
Project("{9A19103F-16F7-4668-BE54-9A1E7A4F7556}") = "GameOfLife.Core", "GameOfLife.Core\GameOfLife.Core.csproj", "{A6C44A75-D7A1-4765-95B8-D616D23064DF}"
EndProject
Project("{9A19103F-16F7-4668-BE54-9A1E7A4F7556}") = "Benchmarks", "GameOfLife.Benchmarks\Benchmarks.csproj", "{615340B0-0FF6-4E5E-8CA8-D68B0A41614C}"
EndProject
Project("{9A19103F-16F7-4668-BE54-9A1E7A4F7556}") = "GameOfLife.Tests", "GameOfLife.Tests\GameOfLife.Tests.csproj", "{C4D9E883-5D9D-44BF-A5A3-5DF528089D20}"
EndProject
Project("{9A19103F-16F7-4668-BE54-9A1E7A4F7556}") = "GameOfLife.UI", "GameOfLife.UI\GameOfLife.UI.csproj", "{AB63E288-0B0E-49CA-88C0-8B818B7B035C}"
EndProject
Project("{2150E333-8FDC-42A3-9474-1A3956D46DE8}") = "Solution Items", "Solution Items", "{32D46629-51FB-4799-8B0C-27BF4E20DC80}"
	ProjectSection(SolutionItems) = preProject
		.editorconfig = .editorconfig
	EndProjectSection
EndProject
Global
	GlobalSection(SolutionConfigurationPlatforms) = preSolution
		Debug|Any CPU = Debug|Any CPU
		Release|Any CPU = Release|Any CPU
	EndGlobalSection
	GlobalSection(ProjectConfigurationPlatforms) = postSolution
		{31832A97-D13F-4C37-B857-8A034BC85E6E}.Debug|Any CPU.ActiveCfg = Debug|Any CPU
		{31832A97-D13F-4C37-B857-8A034BC85E6E}.Debug|Any CPU.Build.0 = Debug|Any CPU
		{31832A97-D13F-4C37-B857-8A034BC85E6E}.Release|Any CPU.ActiveCfg = Release|Any CPU
		{31832A97-D13F-4C37-B857-8A034BC85E6E}.Release|Any CPU.Build.0 = Release|Any CPU
		{A6C44A75-D7A1-4765-95B8-D616D23064DF}.Debug|Any CPU.ActiveCfg = Debug|Any CPU
		{A6C44A75-D7A1-4765-95B8-D616D23064DF}.Debug|Any CPU.Build.0 = Debug|Any CPU
		{A6C44A75-D7A1-4765-95B8-D616D23064DF}.Release|Any CPU.ActiveCfg = Release|Any CPU
		{A6C44A75-D7A1-4765-95B8-D616D23064DF}.Release|Any CPU.Build.0 = Release|Any CPU
		{615340B0-0FF6-4E5E-8CA8-D68B0A41614C}.Debug|Any CPU.ActiveCfg = Debug|Any CPU
		{615340B0-0FF6-4E5E-8CA8-D68B0A41614C}.Debug|Any CPU.Build.0 = Debug|Any CPU
		{615340B0-0FF6-4E5E-8CA8-D68B0A41614C}.Release|Any CPU.ActiveCfg = Release|Any CPU
		{615340B0-0FF6-4E5E-8CA8-D68B0A41614C}.Release|Any CPU.Build.0 = Release|Any CPU
		{C4D9E883-5D9D-44BF-A5A3-5DF528089D20}.Debug|Any CPU.ActiveCfg = Debug|Any CPU
		{C4D9E883-5D9D-44BF-A5A3-5DF528089D20}.Debug|Any CPU.Build.0 = Debug|Any CPU
		{C4D9E883-5D9D-44BF-A5A3-5DF528089D20}.Release|Any CPU.ActiveCfg = Release|Any CPU
		{C4D9E883-5D9D-44BF-A5A3-5DF528089D20}.Release|Any CPU.Build.0 = Release|Any CPU
		{AB63E288-0B0E-49CA-88C0-8B818B7B035C}.Debug|Any CPU.ActiveCfg = Debug|Any CPU
		{AB63E288-0B0E-49CA-88C0-8B818B7B035C}.Debug|Any CPU.Build.0 = Debug|Any CPU
		{AB63E288-0B0E-49CA-88C0-8B818B7B035C}.Release|Any CPU.ActiveCfg = Release|Any CPU
		{AB63E288-0B0E-49CA-88C0-8B818B7B035C}.Release|Any CPU.Build.0 = Release|Any CPU
	EndGlobalSection
	GlobalSection(SolutionProperties) = preSolution
		HideSolutionNode = FALSE
	EndGlobalSection
	GlobalSection(ExtensibilityGlobals) = postSolution
		SolutionGuid = {C0BDA2B1-C93A-4F3F-82D8-55663065108C}
	EndGlobalSection
EndGlobal
